github.com/cpuguy83/go-md2man/v2 v2.0.3/go.mod h1:tgQtvFlXSQOSOSIRvRPT7W67SCa46tRHOmNcaadrF8o=
github.com/inconshreveable/mousetrap v1.1.0 h1:wN+x4NVGpMsO7ErUn/mUI3vEoE6Jt13X2s0bqwp9tc8=
github.com/inconshreveable/mousetrap v1.1.0/go.mod h1:vpF70FUmC8bwa3OWnCshd2FqLfsEA9PFc4w1p2J65bw=
github.com/russross/blackfriday/v2 v2.1.0/go.mod h1:+Rmxgy9KzJVeS9/2gXHxylqXiyQDYRxCVz55jmeOWTM=
github.com/spf13/cobra v1.8.0 h1:7aJaZx1B85qltLMc546zn58BxxfZdR/W22ej9CFoEf0=
github.com/spf13/cobra v1.8.0/go.mod h1:WXLWApfZ71AjXPya3WOlMsY9yMs7YeiHhFVlvLyhcho=
github.com/spf13/pflag v1.0.5 h1:iy+VFUOCP1a+8yFto/drg2CJ5u0yRoB7fZw3DKv/JXA=
github.com/spf13/pflag v1.0.5/go.mod h1:McXfInJRrz4CZXVZOBLb0bTZqETkiAhM9Iw0y3An2Bg=
github.com/zdz1715/go-utils v0.0.0-20231121102157-b527a4f11f96 h1:7Z2vnKxXbUpzmaI8B3iLJO/nBQ8jONiQgE9rzvgtJa8=
github.com/zdz1715/go-utils v0.0.0-20231121102157-b527a4f11f96/go.mod h1:xFw7HuylRZ86KvoMDYAm2iV5F+lxftgybeTGnKONLlQ=
github.com/zdz1715/go-utils v0.0.0-20231121110129-4eea02ca8091 h1:0FvRKgYf6WhCbP6Bz0BWUhFOu90AQBHQdKTLIADZABs=
github.com/zdz1715/go-utils v0.0.0-20231121110129-4eea02ca8091/go.mod h1:xFw7HuylRZ86KvoMDYAm2iV5F+lxftgybeTGnKONLlQ=
github.com/zdz1715/go-utils v0.0.0-20231122084334-573f5a1367ab h1:2tmLbLdt2cX2+tQhBWyPlLEoI6Fa6E5jEm/gYtqj1ps=
github.com/zdz1715/go-utils v0.0.0-20231122084334-573f5a1367ab/go.mod h1:LHrqjB/WeVPj6ECQoz/Zg0mrmE7if2fsJ3WGmRLMMkw=
github.com/zdz1715/go-utils v0.0.0-20231208070115-ae3f6e322e19 h1:rQO+MWag5/+fC+uFWQk0oMqyTXajH2Hi9PLkzU0Urt4=
github.com/zdz1715/go-utils v0.0.0-20231208070115-ae3f6e322e19/go.mod h1:LHrqjB/WeVPj6ECQoz/Zg0mrmE7if2fsJ3WGmRLMMkw=
golang.org/x/sys v0.14.0/go.mod h1:/VUhepiaJMQUp4+oa/7Zr1D23ma6VTLIYjOOTFZPUcA=
gopkg.in/check.v1 v0.0.0-20161208181325-20d25e280405/go.mod h1:Co6ibVJAznAaIkqp8huTwlJQCZ016jof/cbN4VW5Yz0=
gopkg.in/yaml.v3 v3.0.1/go.mod h1:K4uyk7z7BCEPqu6E+C64Yfv1cQ7kz7rIZviUmN+EgEM=
